
Microsoft Visual Studio Solution File, Format Version 9.00
# Visual Studio 2005
Project("{FAE04EC0-301F-11D3-BF4B-00C04F79EFBC}") = "Custom Sorting Using the SortCompare Event", "Custom Sorting Using the SortCompare Event\Custom Sorting Using the SortCompare Event.csproj", "{3D78A75A-BE0A-43E9-9240-2F8336DBC349}"
EndProject
Global
	GlobalSection(SolutionConfigurationPlatforms) = preSolution
		Debug|Any CPU = Debug|Any CPU
		Release|Any CPU = Release|Any CPU
	EndGlobalSection
	GlobalSection(ProjectConfigurationPlatforms) = postSolution
		{3D78A75A-BE0A-43E9-9240-2F8336DBC349}.Debug|Any CPU.ActiveCfg = Debug|Any CPU
		{3D78A75A-BE0A-43E9-9240-2F8336DBC349}.Debug|Any CPU.Build.0 = Debug|Any CPU
		{3D78A75A-BE0A-43E9-9240-2F8336DBC349}.Release|Any CPU.ActiveCfg = Release|Any CPU
		{3D78A75A-BE0A-43E9-9240-2F8336DBC349}.Release|Any CPU.Build.0 = Release|Any CPU
	EndGlobalSection
	GlobalSection(SolutionProperties) = preSolution
		HideSolutionNode = FALSE
	EndGlobalSection
EndGlobal
