
Microsoft Visual Studio Solution File, Format Version 9.00
# Visual Studio 2005
Project("{F184B08F-C81C-45F6-A57F-5ABD9991F28F}") = "Custom Sorting Using the SortCompare Event", "Custom Sorting Using the SortCompare Event\Custom Sorting Using the SortCompare Event.vbproj", "{733CB293-8FEB-45F5-B58E-32EE21F63365}"
EndProject
Global
	GlobalSection(SolutionConfigurationPlatforms) = preSolution
		Debug|Any CPU = Debug|Any CPU
		Release|Any CPU = Release|Any CPU
	EndGlobalSection
	GlobalSection(ProjectConfigurationPlatforms) = postSolution
		{733CB293-8FEB-45F5-B58E-32EE21F63365}.Debug|Any CPU.ActiveCfg = Debug|Any CPU
		{733CB293-8FEB-45F5-B58E-32EE21F63365}.Debug|Any CPU.Build.0 = Debug|Any CPU
		{733CB293-8FEB-45F5-B58E-32EE21F63365}.Release|Any CPU.ActiveCfg = Release|Any CPU
		{733CB293-8FEB-45F5-B58E-32EE21F63365}.Release|Any CPU.Build.0 = Release|Any CPU
	EndGlobalSection
	GlobalSection(SolutionProperties) = preSolution
		HideSolutionNode = FALSE
	EndGlobalSection
EndGlobal
