
Microsoft Visual Studio Solution File, Format Version 9.00
# Visual Studio 2005
Project("{FAE04EC0-301F-11D3-BF4B-00C04F79EFBC}") = "myMultiColHeaderDgv", "myMultiColHeaderDgv\myMultiColHeaderDgv.csproj", "{C705EDA6-D386-4AB0-87AA-7F10405BE989}"
EndProject
Project("{FAE04EC0-301F-11D3-BF4B-00C04F79EFBC}") = "MultiColHeaderDgvTest", "MultiColHeaderDgvTest\MultiColHeaderDgvTest.csproj", "{113661DD-4D23-4E03-B6AB-098B95A9E4B3}"
EndProject
Global
	GlobalSection(SolutionConfigurationPlatforms) = preSolution
		Debug|Any CPU = Debug|Any CPU
		Release|Any CPU = Release|Any CPU
	EndGlobalSection
	GlobalSection(ProjectConfigurationPlatforms) = postSolution
		{C705EDA6-D386-4AB0-87AA-7F10405BE989}.Debug|Any CPU.ActiveCfg = Debug|Any CPU
		{C705EDA6-D386-4AB0-87AA-7F10405BE989}.Debug|Any CPU.Build.0 = Debug|Any CPU
		{C705EDA6-D386-4AB0-87AA-7F10405BE989}.Release|Any CPU.ActiveCfg = Release|Any CPU
		{C705EDA6-D386-4AB0-87AA-7F10405BE989}.Release|Any CPU.Build.0 = Release|Any CPU
		{113661DD-4D23-4E03-B6AB-098B95A9E4B3}.Debug|Any CPU.ActiveCfg = Debug|Any CPU
		{113661DD-4D23-4E03-B6AB-098B95A9E4B3}.Debug|Any CPU.Build.0 = Debug|Any CPU
		{113661DD-4D23-4E03-B6AB-098B95A9E4B3}.Release|Any CPU.ActiveCfg = Release|Any CPU
		{113661DD-4D23-4E03-B6AB-098B95A9E4B3}.Release|Any CPU.Build.0 = Release|Any CPU
	EndGlobalSection
	GlobalSection(SolutionProperties) = preSolution
		HideSolutionNode = FALSE
	EndGlobalSection
EndGlobal
