
Microsoft Visual Studio Solution File, Format Version 9.00
# Visual Studio 2005
Project("{FAE04EC0-301F-11D3-BF4B-00C04F79EFBC}") = "DataGridViewSamples", "DataGridViewSamples.csproj", "{3DF2851A-C87F-4D0B-B0C1-8CBB45905BEC}"
EndProject
Global
	GlobalSection(SolutionConfigurationPlatforms) = preSolution
		Debug|Any CPU = Debug|Any CPU
		Release|Any CPU = Release|Any CPU
	EndGlobalSection
	GlobalSection(ProjectConfigurationPlatforms) = postSolution
		{3DF2851A-C87F-4D0B-B0C1-8CBB45905BEC}.Debug|Any CPU.ActiveCfg = Debug|Any CPU
		{3DF2851A-C87F-4D0B-B0C1-8CBB45905BEC}.Debug|Any CPU.Build.0 = Debug|Any CPU
		{3DF2851A-C87F-4D0B-B0C1-8CBB45905BEC}.Release|Any CPU.ActiveCfg = Release|Any CPU
		{3DF2851A-C87F-4D0B-B0C1-8CBB45905BEC}.Release|Any CPU.Build.0 = Release|Any CPU
	EndGlobalSection
	GlobalSection(SolutionProperties) = preSolution
		HideSolutionNode = FALSE
	EndGlobalSection
EndGlobal
